
Microsoft Visual Studio Solution File, Format Version 12.00
# Visual Studio 14
VisualStudioVersion = 14.0.24720.0
MinimumVisualStudioVersion = 10.0.40219.1
Project("{FAE04EC0-301F-11D3-BF4B-00C04F79EFBC}") = "Screna", "Core\Screna.csproj", "{23CB9ADB-BA9F-4618-BD0C-589A00A532E5}"
EndProject
Project("{FAE04EC0-301F-11D3-BF4B-00C04F79EFBC}") = "Screna.MouseKeyHook", "Extensions\Screna.MouseKeyHook\Screna.MouseKeyHook.csproj", "{BFA19237-2364-484E-8C95-166409769081}"
EndProject
Project("{FAE04EC0-301F-11D3-BF4B-00C04F79EFBC}") = "Screna.SharpAvi", "Extensions\Screna.SharpAvi\Screna.SharpAvi.csproj", "{38AA61F3-EC21-4722-B36E-FA52DF1A28AB}"
EndProject
Project("{FAE04EC0-301F-11D3-BF4B-00C04F79EFBC}") = "Screna.Bass", "Extensions\Screna.Bass\Screna.Bass.csproj", "{3EBFE614-C01A-4680-8EF4-5BA144511788}"
EndProject
Project("{FAE04EC0-301F-11D3-BF4B-00C04F79EFBC}") = "Screna.NAudio", "Extensions\Screna.NAudio\Screna.NAudio.csproj", "{6B2D5578-E115-456E-A48C-B8465BE1E0DA}"
EndProject
Project("{FAE04EC0-301F-11D3-BF4B-00C04F79EFBC}") = "Screna.Tests", "..\tests\Screna.Tests.csproj", "{89E17062-E418-4CCB-BEB4-401AD2817CB9}"
EndProject
Project("{2150E333-8FDC-42A3-9474-1A3956D46DE8}") = "Extensions", "Extensions", "{E0B86A86-E28A-4667-90D3-C22B572CE463}"
EndProject
Global
	GlobalSection(SolutionConfigurationPlatforms) = preSolution
		Debug|Any CPU = Debug|Any CPU
		Release|Any CPU = Release|Any CPU
	EndGlobalSection
	GlobalSection(ProjectConfigurationPlatforms) = postSolution
		{23CB9ADB-BA9F-4618-BD0C-589A00A532E5}.Debug|Any CPU.ActiveCfg = Debug|Any CPU
		{23CB9ADB-BA9F-4618-BD0C-589A00A532E5}.Debug|Any CPU.Build.0 = Debug|Any CPU
		{23CB9ADB-BA9F-4618-BD0C-589A00A532E5}.Release|Any CPU.ActiveCfg = Release|Any CPU
		{23CB9ADB-BA9F-4618-BD0C-589A00A532E5}.Release|Any CPU.Build.0 = Release|Any CPU
		{BFA19237-2364-484E-8C95-166409769081}.Debug|Any CPU.ActiveCfg = Debug|Any CPU
		{BFA19237-2364-484E-8C95-166409769081}.Debug|Any CPU.Build.0 = Debug|Any CPU
		{BFA19237-2364-484E-8C95-166409769081}.Release|Any CPU.ActiveCfg = Release|Any CPU
		{BFA19237-2364-484E-8C95-166409769081}.Release|Any CPU.Build.0 = Release|Any CPU
		{38AA61F3-EC21-4722-B36E-FA52DF1A28AB}.Debug|Any CPU.ActiveCfg = Debug|Any CPU
		{38AA61F3-EC21-4722-B36E-FA52DF1A28AB}.Debug|Any CPU.Build.0 = Debug|Any CPU
		{38AA61F3-EC21-4722-B36E-FA52DF1A28AB}.Release|Any CPU.ActiveCfg = Release|Any CPU
		{38AA61F3-EC21-4722-B36E-FA52DF1A28AB}.Release|Any CPU.Build.0 = Release|Any CPU
		{3EBFE614-C01A-4680-8EF4-5BA144511788}.Debug|Any CPU.ActiveCfg = Debug|Any CPU
		{3EBFE614-C01A-4680-8EF4-5BA144511788}.Debug|Any CPU.Build.0 = Debug|Any CPU
		{3EBFE614-C01A-4680-8EF4-5BA144511788}.Release|Any CPU.ActiveCfg = Release|Any CPU
		{3EBFE614-C01A-4680-8EF4-5BA144511788}.Release|Any CPU.Build.0 = Release|Any CPU
		{6B2D5578-E115-456E-A48C-B8465BE1E0DA}.Debug|Any CPU.ActiveCfg = Debug|Any CPU
		{6B2D5578-E115-456E-A48C-B8465BE1E0DA}.Debug|Any CPU.Build.0 = Debug|Any CPU
		{6B2D5578-E115-456E-A48C-B8465BE1E0DA}.Release|Any CPU.ActiveCfg = Release|Any CPU
		{6B2D5578-E115-456E-A48C-B8465BE1E0DA}.Release|Any CPU.Build.0 = Release|Any CPU
		{89E17062-E418-4CCB-BEB4-401AD2817CB9}.Debug|Any CPU.ActiveCfg = Debug|Any CPU
		{89E17062-E418-4CCB-BEB4-401AD2817CB9}.Debug|Any CPU.Build.0 = Debug|Any CPU
		{89E17062-E418-4CCB-BEB4-401AD2817CB9}.Release|Any CPU.ActiveCfg = Release|Any CPU
		{89E17062-E418-4CCB-BEB4-401AD2817CB9}.Release|Any CPU.Build.0 = Release|Any CPU
	EndGlobalSection
	GlobalSection(SolutionProperties) = preSolution
		HideSolutionNode = FALSE
	EndGlobalSection
	GlobalSection(NestedProjects) = preSolution
		{BFA19237-2364-484E-8C95-166409769081} = {E0B86A86-E28A-4667-90D3-C22B572CE463}
		{38AA61F3-EC21-4722-B36E-FA52DF1A28AB} = {E0B86A86-E28A-4667-90D3-C22B572CE463}
		{3EBFE614-C01A-4680-8EF4-5BA144511788} = {E0B86A86-E28A-4667-90D3-C22B572CE463}
		{6B2D5578-E115-456E-A48C-B8465BE1E0DA} = {E0B86A86-E28A-4667-90D3-C22B572CE463}
	EndGlobalSection
EndGlobal
